
Microsoft Visual Studio Solution File, Format Version 12.00
# Visual Studio 2013
VisualStudioVersion = 12.0.31101.0
MinimumVisualStudioVersion = 10.0.40219.1
Project("{FAE04EC0-301F-11D3-BF4B-00C04F79EFBC}") = "01.StudentsSystem.Model", "StudentsSystem.Model\01.StudentsSystem.Model.csproj", "{D783DB02-94D1-4BBF-AD2D-4ADDAC60638C}"
EndProject
Project("{FAE04EC0-301F-11D3-BF4B-00C04F79EFBC}") = "StudentSystem.Date", "StudentSystem.Date\StudentSystem.Date.csproj", "{F715592F-7DEB-48CA-B8A8-543484C8B9B9}"
EndProject
Project("{FAE04EC0-301F-11D3-BF4B-00C04F79EFBC}") = "02.StudentSystem.Client", "02.StudentSystem.Client\02.StudentSystem.Client.csproj", "{A0AED0B9-6206-4146-8EE3-B38D3D32E0D4}"
EndProject
Global
	GlobalSection(SolutionConfigurationPlatforms) = preSolution
		Debug|Any CPU = Debug|Any CPU
		Release|Any CPU = Release|Any CPU
	EndGlobalSection
	GlobalSection(ProjectConfigurationPlatforms) = postSolution
		{D783DB02-94D1-4BBF-AD2D-4ADDAC60638C}.Debug|Any CPU.ActiveCfg = Debug|Any CPU
		{D783DB02-94D1-4BBF-AD2D-4ADDAC60638C}.Debug|Any CPU.Build.0 = Debug|Any CPU
		{D783DB02-94D1-4BBF-AD2D-4ADDAC60638C}.Release|Any CPU.ActiveCfg = Release|Any CPU
		{D783DB02-94D1-4BBF-AD2D-4ADDAC60638C}.Release|Any CPU.Build.0 = Release|Any CPU
		{F715592F-7DEB-48CA-B8A8-543484C8B9B9}.Debug|Any CPU.ActiveCfg = Debug|Any CPU
		{F715592F-7DEB-48CA-B8A8-543484C8B9B9}.Debug|Any CPU.Build.0 = Debug|Any CPU
		{F715592F-7DEB-48CA-B8A8-543484C8B9B9}.Release|Any CPU.ActiveCfg = Release|Any CPU
		{F715592F-7DEB-48CA-B8A8-543484C8B9B9}.Release|Any CPU.Build.0 = Release|Any CPU
		{A0AED0B9-6206-4146-8EE3-B38D3D32E0D4}.Debug|Any CPU.ActiveCfg = Debug|Any CPU
		{A0AED0B9-6206-4146-8EE3-B38D3D32E0D4}.Debug|Any CPU.Build.0 = Debug|Any CPU
		{A0AED0B9-6206-4146-8EE3-B38D3D32E0D4}.Release|Any CPU.ActiveCfg = Release|Any CPU
		{A0AED0B9-6206-4146-8EE3-B38D3D32E0D4}.Release|Any CPU.Build.0 = Release|Any CPU
	EndGlobalSection
	GlobalSection(SolutionProperties) = preSolution
		HideSolutionNode = FALSE
	EndGlobalSection
EndGlobal
